
Microsoft Visual Studio Solution File, Format Version 12.00
# Visual Studio Version 17
VisualStudioVersion = 17.7.34202.233
MinimumVisualStudioVersion = 10.0.40219.1
Project("{FAE04EC0-301F-11D3-BF4B-00C04F79EFBC}") = "LivesAlone", "LivesAlone\LivesAlone.csproj", "{BC3CA37F-4C1A-4456-BF46-D57EC4C59EBA}"
EndProject
Project("{FAE04EC0-301F-11D3-BF4B-00C04F79EFBC}") = "Core", "Core\Core.csproj", "{1094397C-BBC2-4A72-8775-A9C9E03352F2}"
EndProject
Project("{FAE04EC0-301F-11D3-BF4B-00C04F79EFBC}") = "Data", "Data\Data.csproj", "{EBFEEBB7-DE0C-4FC8-B24A-545DE8F90D67}"
EndProject
Global
	GlobalSection(SolutionConfigurationPlatforms) = preSolution
		Debug|Any CPU = Debug|Any CPU
		Release|Any CPU = Release|Any CPU
	EndGlobalSection
	GlobalSection(ProjectConfigurationPlatforms) = postSolution
		{BC3CA37F-4C1A-4456-BF46-D57EC4C59EBA}.Debug|Any CPU.ActiveCfg = Debug|Any CPU
		{BC3CA37F-4C1A-4456-BF46-D57EC4C59EBA}.Debug|Any CPU.Build.0 = Debug|Any CPU
		{BC3CA37F-4C1A-4456-BF46-D57EC4C59EBA}.Release|Any CPU.ActiveCfg = Release|Any CPU
		{BC3CA37F-4C1A-4456-BF46-D57EC4C59EBA}.Release|Any CPU.Build.0 = Release|Any CPU
		{1094397C-BBC2-4A72-8775-A9C9E03352F2}.Debug|Any CPU.ActiveCfg = Debug|Any CPU
		{1094397C-BBC2-4A72-8775-A9C9E03352F2}.Debug|Any CPU.Build.0 = Debug|Any CPU
		{1094397C-BBC2-4A72-8775-A9C9E03352F2}.Release|Any CPU.ActiveCfg = Release|Any CPU
		{1094397C-BBC2-4A72-8775-A9C9E03352F2}.Release|Any CPU.Build.0 = Release|Any CPU
		{EBFEEBB7-DE0C-4FC8-B24A-545DE8F90D67}.Debug|Any CPU.ActiveCfg = Debug|Any CPU
		{EBFEEBB7-DE0C-4FC8-B24A-545DE8F90D67}.Debug|Any CPU.Build.0 = Debug|Any CPU
		{EBFEEBB7-DE0C-4FC8-B24A-545DE8F90D67}.Release|Any CPU.ActiveCfg = Release|Any CPU
		{EBFEEBB7-DE0C-4FC8-B24A-545DE8F90D67}.Release|Any CPU.Build.0 = Release|Any CPU
	EndGlobalSection
	GlobalSection(SolutionProperties) = preSolution
		HideSolutionNode = FALSE
	EndGlobalSection
	GlobalSection(ExtensibilityGlobals) = postSolution
		SolutionGuid = {E8DC9939-7FD1-40DE-9C66-4EDD3701B3DD}
	EndGlobalSection
EndGlobal
